
Microsoft Visual Studio Solution File, Format Version 12.00
# Visual Studio Version 17
VisualStudioVersion = 17.11.35312.102
MinimumVisualStudioVersion = 10.0.40219.1
Project("{9A19103F-16F7-4668-BE54-9A1E7A4F7556}") = "VehicleRentalApp", "VehicleRentalApp\VehicleRentalApp.csproj", "{0A135034-8206-4B5A-8565-2A8FE550482D}"
EndProject
Global
	GlobalSection(SolutionConfigurationPlatforms) = preSolution
		Debug|Any CPU = Debug|Any CPU
		Release|Any CPU = Release|Any CPU
	EndGlobalSection
	GlobalSection(ProjectConfigurationPlatforms) = postSolution
		{0A135034-8206-4B5A-8565-2A8FE550482D}.Debug|Any CPU.ActiveCfg = Debug|Any CPU
		{0A135034-8206-4B5A-8565-2A8FE550482D}.Debug|Any CPU.Build.0 = Debug|Any CPU
		{0A135034-8206-4B5A-8565-2A8FE550482D}.Release|Any CPU.ActiveCfg = Release|Any CPU
		{0A135034-8206-4B5A-8565-2A8FE550482D}.Release|Any CPU.Build.0 = Release|Any CPU
	EndGlobalSection
	GlobalSection(SolutionProperties) = preSolution
		HideSolutionNode = FALSE
	EndGlobalSection
	GlobalSection(ExtensibilityGlobals) = postSolution
		SolutionGuid = {214ECC19-B98A-49D0-BD28-BB6121FABBEE}
	EndGlobalSection
EndGlobal
